
Microsoft Visual Studio Solution File, Format Version 12.00
# Visual Studio 14
VisualStudioVersion = 14.0.25123.0
MinimumVisualStudioVersion = 10.0.40219.1
Project("{2150E333-8FDC-42A3-9474-1A3956D46DE8}") = "Solution Items", "Solution Items", "{94E4C1AC-F198-44B1-B3D0-32940E1AA2F4}"
	ProjectSection(SolutionItems) = preProject
		LICENSE.md = LICENSE.md
		Xamarin.BluetoothLE.nuspec = Xamarin.BluetoothLE.nuspec
	EndProjectSection
EndProject
Project("{2150E333-8FDC-42A3-9474-1A3956D46DE8}") = "Framework", "Framework", "{80A3AACB-DE77-41A6-839E-F58B8B7750A5}"
EndProject
Project("{FAE04EC0-301F-11D3-BF4B-00C04F79EFBC}") = "BluetoothLE.Core", "BluetoothLE.Core\BluetoothLE.Core.csproj", "{EBD23762-16B0-4C51-9ACC-1917C2E2DD64}"
EndProject
Project("{FAE04EC0-301F-11D3-BF4B-00C04F79EFBC}") = "BluetoothLE.iOS", "BluetoothLE.iOS\BluetoothLE.iOS.csproj", "{8B611332-9D09-4D47-AB7F-DA1A4E2CDF24}"
EndProject
Project("{FAE04EC0-301F-11D3-BF4B-00C04F79EFBC}") = "BluetoothLE.Droid", "BluetoothLE.Droid\BluetoothLE.Droid.csproj", "{BEDC9B01-4519-4607-BCAB-3700ACDF405E}"
EndProject
Project("{2150E333-8FDC-42A3-9474-1A3956D46DE8}") = "Example", "Example", "{5B07462B-E576-42EA-A499-525DB682866C}"
EndProject
Project("{FAE04EC0-301F-11D3-BF4B-00C04F79EFBC}") = "BluetoothLE.Example", "BluetoothLE.Example\BluetoothLE.Example.csproj", "{1CC1E8C4-5763-4BA6-8A2E-5880755F25C2}"
EndProject
Project("{FAE04EC0-301F-11D3-BF4B-00C04F79EFBC}") = "BluetoothLE.Example.Droid", "Droid\BluetoothLE.Example.Droid.csproj", "{EF4D9B79-20FD-4E5C-942C-61C74EC97892}"
EndProject
Project("{FAE04EC0-301F-11D3-BF4B-00C04F79EFBC}") = "BluetoothLE.Example.iOS", "iOS\BluetoothLE.Example.iOS.csproj", "{E049336A-D455-430C-8D5C-7F70B7B7338E}"
EndProject
Project("{2150E333-8FDC-42A3-9474-1A3956D46DE8}") = "DevTest", "DevTest", "{317D2F1A-6AB9-47DC-B82D-19D731276931}"
EndProject
Project("{FAE04EC0-301F-11D3-BF4B-00C04F79EFBC}") = "BLE.Dev.Droid", "BLE.Dev\BLE.Dev.Droid\BLE.Dev.Droid.csproj", "{853466F1-30A3-4BD2-B633-2D6A59CCAF99}"
EndProject
Project("{FAE04EC0-301F-11D3-BF4B-00C04F79EFBC}") = "BLE.Dev.iOS", "BLE.Dev\BLE.Dev.iOS\BLE.Dev.iOS.csproj", "{85DEDD94-66A6-4333-8BEF-FD29ABB73916}"
EndProject
Project("{FAE04EC0-301F-11D3-BF4B-00C04F79EFBC}") = "BLE.Dev", "BLE.Dev\BLE.Dev\BLE.Dev.csproj", "{BEE7A228-27AA-432E-9671-31B166C07001}"
EndProject
Global
	GlobalSection(SolutionConfigurationPlatforms) = preSolution
		Ad-Hoc|Any CPU = Ad-Hoc|Any CPU
		Ad-Hoc|ARM = Ad-Hoc|ARM
		Ad-Hoc|iPhone = Ad-Hoc|iPhone
		Ad-Hoc|iPhoneSimulator = Ad-Hoc|iPhoneSimulator
		Ad-Hoc|x64 = Ad-Hoc|x64
		Ad-Hoc|x86 = Ad-Hoc|x86
		AppStore|Any CPU = AppStore|Any CPU
		AppStore|ARM = AppStore|ARM
		AppStore|iPhone = AppStore|iPhone
		AppStore|iPhoneSimulator = AppStore|iPhoneSimulator
		AppStore|x64 = AppStore|x64
		AppStore|x86 = AppStore|x86
		Debug|Any CPU = Debug|Any CPU
		Debug|ARM = Debug|ARM
		Debug|iPhone = Debug|iPhone
		Debug|iPhoneSimulator = Debug|iPhoneSimulator
		Debug|x64 = Debug|x64
		Debug|x86 = Debug|x86
		Release|Any CPU = Release|Any CPU
		Release|ARM = Release|ARM
		Release|iPhone = Release|iPhone
		Release|iPhoneSimulator = Release|iPhoneSimulator
		Release|x64 = Release|x64
		Release|x86 = Release|x86
	EndGlobalSection
	GlobalSection(ProjectConfigurationPlatforms) = postSolution
		{EBD23762-16B0-4C51-9ACC-1917C2E2DD64}.Ad-Hoc|Any CPU.ActiveCfg = Release|Any CPU
		{EBD23762-16B0-4C51-9ACC-1917C2E2DD64}.Ad-Hoc|Any CPU.Build.0 = Release|Any CPU
		{EBD23762-16B0-4C51-9ACC-1917C2E2DD64}.Ad-Hoc|ARM.ActiveCfg = Release|Any CPU
		{EBD23762-16B0-4C51-9ACC-1917C2E2DD64}.Ad-Hoc|ARM.Build.0 = Release|Any CPU
		{EBD23762-16B0-4C51-9ACC-1917C2E2DD64}.Ad-Hoc|iPhone.ActiveCfg = Release|Any CPU
		{EBD23762-16B0-4C51-9ACC-1917C2E2DD64}.Ad-Hoc|iPhone.Build.0 = Release|Any CPU
		{EBD23762-16B0-4C51-9ACC-1917C2E2DD64}.Ad-Hoc|iPhoneSimulator.ActiveCfg = Release|Any CPU
		{EBD23762-16B0-4C51-9ACC-1917C2E2DD64}.Ad-Hoc|iPhoneSimulator.Build.0 = Release|Any CPU
		{EBD23762-16B0-4C51-9ACC-1917C2E2DD64}.Ad-Hoc|x64.ActiveCfg = Release|Any CPU
		{EBD23762-16B0-4C51-9ACC-1917C2E2DD64}.Ad-Hoc|x64.Build.0 = Release|Any CPU
		{EBD23762-16B0-4C51-9ACC-1917C2E2DD64}.Ad-Hoc|x86.ActiveCfg = Release|Any CPU
		{EBD23762-16B0-4C51-9ACC-1917C2E2DD64}.Ad-Hoc|x86.Build.0 = Release|Any CPU
		{EBD23762-16B0-4C51-9ACC-1917C2E2DD64}.AppStore|Any CPU.ActiveCfg = Release|Any CPU
		{EBD23762-16B0-4C51-9ACC-1917C2E2DD64}.AppStore|Any CPU.Build.0 = Release|Any CPU
		{EBD23762-16B0-4C51-9ACC-1917C2E2DD64}.AppStore|ARM.ActiveCfg = Release|Any CPU
		{EBD23762-16B0-4C51-9ACC-1917C2E2DD64}.AppStore|ARM.Build.0 = Release|Any CPU
		{EBD23762-16B0-4C51-9ACC-1917C2E2DD64}.AppStore|iPhone.ActiveCfg = Release|Any CPU
		{EBD23762-16B0-4C51-9ACC-1917C2E2DD64}.AppStore|iPhone.Build.0 = Release|Any CPU
		{EBD23762-16B0-4C51-9ACC-1917C2E2DD64}.AppStore|iPhoneSimulator.ActiveCfg = Release|Any CPU
		{EBD23762-16B0-4C51-9ACC-1917C2E2DD64}.AppStore|iPhoneSimulator.Build.0 = Release|Any CPU
		{EBD23762-16B0-4C51-9ACC-1917C2E2DD64}.AppStore|x64.ActiveCfg = Release|Any CPU
		{EBD23762-16B0-4C51-9ACC-1917C2E2DD64}.AppStore|x64.Build.0 = Release|Any CPU
		{EBD23762-16B0-4C51-9ACC-1917C2E2DD64}.AppStore|x86.ActiveCfg = Release|Any CPU
		{EBD23762-16B0-4C51-9ACC-1917C2E2DD64}.AppStore|x86.Build.0 = Release|Any CPU
		{EBD23762-16B0-4C51-9ACC-1917C2E2DD64}.Debug|Any CPU.ActiveCfg = Debug|Any CPU
		{EBD23762-16B0-4C51-9ACC-1917C2E2DD64}.Debug|Any CPU.Build.0 = Debug|Any CPU
		{EBD23762-16B0-4C51-9ACC-1917C2E2DD64}.Debug|ARM.ActiveCfg = Debug|Any CPU
		{EBD23762-16B0-4C51-9ACC-1917C2E2DD64}.Debug|ARM.Build.0 = Debug|Any CPU
		{EBD23762-16B0-4C51-9ACC-1917C2E2DD64}.Debug|iPhone.ActiveCfg = Debug|Any CPU
		{EBD23762-16B0-4C51-9ACC-1917C2E2DD64}.Debug|iPhone.Build.0 = Debug|Any CPU
		{EBD23762-16B0-4C51-9ACC-1917C2E2DD64}.Debug|iPhoneSimulator.ActiveCfg = Debug|Any CPU
		{EBD23762-16B0-4C51-9ACC-1917C2E2DD64}.Debug|iPhoneSimulator.Build.0 = Debug|Any CPU
		{EBD23762-16B0-4C51-9ACC-1917C2E2DD64}.Debug|x64.ActiveCfg = Debug|Any CPU
		{EBD23762-16B0-4C51-9ACC-1917C2E2DD64}.Debug|x64.Build.0 = Debug|Any CPU
		{EBD23762-16B0-4C51-9ACC-1917C2E2DD64}.Debug|x86.ActiveCfg = Debug|Any CPU
		{EBD23762-16B0-4C51-9ACC-1917C2E2DD64}.Debug|x86.Build.0 = Debug|Any CPU
		{EBD23762-16B0-4C51-9ACC-1917C2E2DD64}.Release|Any CPU.ActiveCfg = Release|Any CPU
		{EBD23762-16B0-4C51-9ACC-1917C2E2DD64}.Release|Any CPU.Build.0 = Release|Any CPU
		{EBD23762-16B0-4C51-9ACC-1917C2E2DD64}.Release|ARM.ActiveCfg = Release|Any CPU
		{EBD23762-16B0-4C51-9ACC-1917C2E2DD64}.Release|ARM.Build.0 = Release|Any CPU
		{EBD23762-16B0-4C51-9ACC-1917C2E2DD64}.Release|iPhone.ActiveCfg = Release|Any CPU
		{EBD23762-16B0-4C51-9ACC-1917C2E2DD64}.Release|iPhone.Build.0 = Release|Any CPU
		{EBD23762-16B0-4C51-9ACC-1917C2E2DD64}.Release|iPhoneSimulator.ActiveCfg = Release|Any CPU
		{EBD23762-16B0-4C51-9ACC-1917C2E2DD64}.Release|iPhoneSimulator.Build.0 = Release|Any CPU
		{EBD23762-16B0-4C51-9ACC-1917C2E2DD64}.Release|x64.ActiveCfg = Release|Any CPU
		{EBD23762-16B0-4C51-9ACC-1917C2E2DD64}.Release|x64.Build.0 = Release|Any CPU
		{EBD23762-16B0-4C51-9ACC-1917C2E2DD64}.Release|x86.ActiveCfg = Release|Any CPU
		{EBD23762-16B0-4C51-9ACC-1917C2E2DD64}.Release|x86.Build.0 = Release|Any CPU
		{8B611332-9D09-4D47-AB7F-DA1A4E2CDF24}.Ad-Hoc|Any CPU.ActiveCfg = AppStore|Any CPU
		{8B611332-9D09-4D47-AB7F-DA1A4E2CDF24}.Ad-Hoc|Any CPU.Build.0 = AppStore|Any CPU
		{8B611332-9D09-4D47-AB7F-DA1A4E2CDF24}.Ad-Hoc|ARM.ActiveCfg = AppStore|Any CPU
		{8B611332-9D09-4D47-AB7F-DA1A4E2CDF24}.Ad-Hoc|ARM.Build.0 = AppStore|Any CPU
		{8B611332-9D09-4D47-AB7F-DA1A4E2CDF24}.Ad-Hoc|iPhone.ActiveCfg = AppStore|Any CPU
		{8B611332-9D09-4D47-AB7F-DA1A4E2CDF24}.Ad-Hoc|iPhone.Build.0 = AppStore|Any CPU
		{8B611332-9D09-4D47-AB7F-DA1A4E2CDF24}.Ad-Hoc|iPhoneSimulator.ActiveCfg = AppStore|Any CPU
		{8B611332-9D09-4D47-AB7F-DA1A4E2CDF24}.Ad-Hoc|iPhoneSimulator.Build.0 = AppStore|Any CPU
		{8B611332-9D09-4D47-AB7F-DA1A4E2CDF24}.Ad-Hoc|x64.ActiveCfg = AppStore|Any CPU
		{8B611332-9D09-4D47-AB7F-DA1A4E2CDF24}.Ad-Hoc|x64.Build.0 = AppStore|Any CPU
		{8B611332-9D09-4D47-AB7F-DA1A4E2CDF24}.Ad-Hoc|x86.ActiveCfg = AppStore|Any CPU
		{8B611332-9D09-4D47-AB7F-DA1A4E2CDF24}.Ad-Hoc|x86.Build.0 = AppStore|Any CPU
		{8B611332-9D09-4D47-AB7F-DA1A4E2CDF24}.AppStore|Any CPU.ActiveCfg = AppStore|Any CPU
		{8B611332-9D09-4D47-AB7F-DA1A4E2CDF24}.AppStore|Any CPU.Build.0 = AppStore|Any CPU
		{8B611332-9D09-4D47-AB7F-DA1A4E2CDF24}.AppStore|ARM.ActiveCfg = AppStore|Any CPU
		{8B611332-9D09-4D47-AB7F-DA1A4E2CDF24}.AppStore|ARM.Build.0 = AppStore|Any CPU
		{8B611332-9D09-4D47-AB7F-DA1A4E2CDF24}.AppStore|iPhone.ActiveCfg = AppStore|Any CPU
		{8B611332-9D09-4D47-AB7F-DA1A4E2CDF24}.AppStore|iPhone.Build.0 = AppStore|Any CPU
		{8B611332-9D09-4D47-AB7F-DA1A4E2CDF24}.AppStore|iPhoneSimulator.ActiveCfg = AppStore|Any CPU
		{8B611332-9D09-4D47-AB7F-DA1A4E2CDF24}.AppStore|iPhoneSimulator.Build.0 = AppStore|Any CPU
		{8B611332-9D09-4D47-AB7F-DA1A4E2CDF24}.AppStore|x64.ActiveCfg = AppStore|Any CPU
		{8B611332-9D09-4D47-AB7F-DA1A4E2CDF24}.AppStore|x64.Build.0 = AppStore|Any CPU
		{8B611332-9D09-4D47-AB7F-DA1A4E2CDF24}.AppStore|x86.ActiveCfg = AppStore|Any CPU
		{8B611332-9D09-4D47-AB7F-DA1A4E2CDF24}.AppStore|x86.Build.0 = AppStore|Any CPU
		{8B611332-9D09-4D47-AB7F-DA1A4E2CDF24}.Debug|Any CPU.ActiveCfg = Debug|Any CPU
		{8B611332-9D09-4D47-AB7F-DA1A4E2CDF24}.Debug|Any CPU.Build.0 = Debug|Any CPU
		{8B611332-9D09-4D47-AB7F-DA1A4E2CDF24}.Debug|ARM.ActiveCfg = Debug|Any CPU
		{8B611332-9D09-4D47-AB7F-DA1A4E2CDF24}.Debug|ARM.Build.0 = Debug|Any CPU
		{8B611332-9D09-4D47-AB7F-DA1A4E2CDF24}.Debug|iPhone.ActiveCfg = Debug|Any CPU
		{8B611332-9D09-4D47-AB7F-DA1A4E2CDF24}.Debug|iPhone.Build.0 = Debug|Any CPU
		{8B611332-9D09-4D47-AB7F-DA1A4E2CDF24}.Debug|iPhoneSimulator.ActiveCfg = Debug|Any CPU
		{8B611332-9D09-4D47-AB7F-DA1A4E2CDF24}.Debug|iPhoneSimulator.Build.0 = Debug|Any CPU
		{8B611332-9D09-4D47-AB7F-DA1A4E2CDF24}.Debug|x64.ActiveCfg = Debug|Any CPU
		{8B611332-9D09-4D47-AB7F-DA1A4E2CDF24}.Debug|x64.Build.0 = Debug|Any CPU
		{8B611332-9D09-4D47-AB7F-DA1A4E2CDF24}.Debug|x86.ActiveCfg = Debug|Any CPU
		{8B611332-9D09-4D47-AB7F-DA1A4E2CDF24}.Debug|x86.Build.0 = Debug|Any CPU
		{8B611332-9D09-4D47-AB7F-DA1A4E2CDF24}.Release|Any CPU.ActiveCfg = Release|Any CPU
		{8B611332-9D09-4D47-AB7F-DA1A4E2CDF24}.Release|Any CPU.Build.0 = Release|Any CPU
		{8B611332-9D09-4D47-AB7F-DA1A4E2CDF24}.Release|ARM.ActiveCfg = Release|Any CPU
		{8B611332-9D09-4D47-AB7F-DA1A4E2CDF24}.Release|ARM.Build.0 = Release|Any CPU
		{8B611332-9D09-4D47-AB7F-DA1A4E2CDF24}.Release|iPhone.ActiveCfg = Release|Any CPU
		{8B611332-9D09-4D47-AB7F-DA1A4E2CDF24}.Release|iPhone.Build.0 = Release|Any CPU
		{8B611332-9D09-4D47-AB7F-DA1A4E2CDF24}.Release|iPhoneSimulator.ActiveCfg = Release|Any CPU
		{8B611332-9D09-4D47-AB7F-DA1A4E2CDF24}.Release|iPhoneSimulator.Build.0 = Release|Any CPU
		{8B611332-9D09-4D47-AB7F-DA1A4E2CDF24}.Release|x64.ActiveCfg = Release|Any CPU
		{8B611332-9D09-4D47-AB7F-DA1A4E2CDF24}.Release|x64.Build.0 = Release|Any CPU
		{8B611332-9D09-4D47-AB7F-DA1A4E2CDF24}.Release|x86.ActiveCfg = Release|Any CPU
		{8B611332-9D09-4D47-AB7F-DA1A4E2CDF24}.Release|x86.Build.0 = Release|Any CPU
		{BEDC9B01-4519-4607-BCAB-3700ACDF405E}.Ad-Hoc|Any CPU.ActiveCfg = Release|Any CPU
		{BEDC9B01-4519-4607-BCAB-3700ACDF405E}.Ad-Hoc|Any CPU.Build.0 = Release|Any CPU
		{BEDC9B01-4519-4607-BCAB-3700ACDF405E}.Ad-Hoc|ARM.ActiveCfg = Release|Any CPU
		{BEDC9B01-4519-4607-BCAB-3700ACDF405E}.Ad-Hoc|ARM.Build.0 = Release|Any CPU
		{BEDC9B01-4519-4607-BCAB-3700ACDF405E}.Ad-Hoc|iPhone.ActiveCfg = Release|Any CPU
		{BEDC9B01-4519-4607-BCAB-3700ACDF405E}.Ad-Hoc|iPhone.Build.0 = Release|Any CPU
		{BEDC9B01-4519-4607-BCAB-3700ACDF405E}.Ad-Hoc|iPhoneSimulator.ActiveCfg = Release|Any CPU
		{BEDC9B01-4519-4607-BCAB-3700ACDF405E}.Ad-Hoc|iPhoneSimulator.Build.0 = Release|Any CPU
		{BEDC9B01-4519-4607-BCAB-3700ACDF405E}.Ad-Hoc|x64.ActiveCfg = Release|Any CPU
		{BEDC9B01-4519-4607-BCAB-3700ACDF405E}.Ad-Hoc|x64.Build.0 = Release|Any CPU
		{BEDC9B01-4519-4607-BCAB-3700ACDF405E}.Ad-Hoc|x86.ActiveCfg = Release|Any CPU
		{BEDC9B01-4519-4607-BCAB-3700ACDF405E}.Ad-Hoc|x86.Build.0 = Release|Any CPU
		{BEDC9B01-4519-4607-BCAB-3700ACDF405E}.AppStore|Any CPU.ActiveCfg = Release|Any CPU
		{BEDC9B01-4519-4607-BCAB-3700ACDF405E}.AppStore|Any CPU.Build.0 = Release|Any CPU
		{BEDC9B01-4519-4607-BCAB-3700ACDF405E}.AppStore|ARM.ActiveCfg = Release|Any CPU
		{BEDC9B01-4519-4607-BCAB-3700ACDF405E}.AppStore|ARM.Build.0 = Release|Any CPU
		{BEDC9B01-4519-4607-BCAB-3700ACDF405E}.AppStore|iPhone.ActiveCfg = Release|Any CPU
		{BEDC9B01-4519-4607-BCAB-3700ACDF405E}.AppStore|iPhone.Build.0 = Release|Any CPU
		{BEDC9B01-4519-4607-BCAB-3700ACDF405E}.AppStore|iPhoneSimulator.ActiveCfg = Release|Any CPU
		{BEDC9B01-4519-4607-BCAB-3700ACDF405E}.AppStore|iPhoneSimulator.Build.0 = Release|Any CPU
		{BEDC9B01-4519-4607-BCAB-3700ACDF405E}.AppStore|x64.ActiveCfg = Release|Any CPU
		{BEDC9B01-4519-4607-BCAB-3700ACDF405E}.AppStore|x64.Build.0 = Release|Any CPU
		{BEDC9B01-4519-4607-BCAB-3700ACDF405E}.AppStore|x86.ActiveCfg = Release|Any CPU
		{BEDC9B01-4519-4607-BCAB-3700ACDF405E}.AppStore|x86.Build.0 = Release|Any CPU
		{BEDC9B01-4519-4607-BCAB-3700ACDF405E}.Debug|Any CPU.ActiveCfg = Debug|Any CPU
		{BEDC9B01-4519-4607-BCAB-3700ACDF405E}.Debug|Any CPU.Build.0 = Debug|Any CPU
		{BEDC9B01-4519-4607-BCAB-3700ACDF405E}.Debug|Any CPU.Deploy.0 = Debug|Any CPU
		{BEDC9B01-4519-4607-BCAB-3700ACDF405E}.Debug|ARM.ActiveCfg = Debug|Any CPU
		{BEDC9B01-4519-4607-BCAB-3700ACDF405E}.Debug|ARM.Build.0 = Debug|Any CPU
		{BEDC9B01-4519-4607-BCAB-3700ACDF405E}.Debug|iPhone.ActiveCfg = Debug|Any CPU
		{BEDC9B01-4519-4607-BCAB-3700ACDF405E}.Debug|iPhone.Build.0 = Debug|Any CPU
		{BEDC9B01-4519-4607-BCAB-3700ACDF405E}.Debug|iPhoneSimulator.ActiveCfg = Debug|Any CPU
		{BEDC9B01-4519-4607-BCAB-3700ACDF405E}.Debug|iPhoneSimulator.Build.0 = Debug|Any CPU
		{BEDC9B01-4519-4607-BCAB-3700ACDF405E}.Debug|x64.ActiveCfg = Debug|Any CPU
		{BEDC9B01-4519-4607-BCAB-3700ACDF405E}.Debug|x64.Build.0 = Debug|Any CPU
		{BEDC9B01-4519-4607-BCAB-3700ACDF405E}.Debug|x86.ActiveCfg = Debug|Any CPU
		{BEDC9B01-4519-4607-BCAB-3700ACDF405E}.Debug|x86.Build.0 = Debug|Any CPU
		{BEDC9B01-4519-4607-BCAB-3700ACDF405E}.Release|Any CPU.ActiveCfg = Release|Any CPU
		{BEDC9B01-4519-4607-BCAB-3700ACDF405E}.Release|Any CPU.Build.0 = Release|Any CPU
		{BEDC9B01-4519-4607-BCAB-3700ACDF405E}.Release|ARM.ActiveCfg = Release|Any CPU
		{BEDC9B01-4519-4607-BCAB-3700ACDF405E}.Release|ARM.Build.0 = Release|Any CPU
		{BEDC9B01-4519-4607-BCAB-3700ACDF405E}.Release|iPhone.ActiveCfg = Release|Any CPU
		{BEDC9B01-4519-4607-BCAB-3700ACDF405E}.Release|iPhone.Build.0 = Release|Any CPU
		{BEDC9B01-4519-4607-BCAB-3700ACDF405E}.Release|iPhoneSimulator.ActiveCfg = Release|Any CPU
		{BEDC9B01-4519-4607-BCAB-3700ACDF405E}.Release|iPhoneSimulator.Build.0 = Release|Any CPU
		{BEDC9B01-4519-4607-BCAB-3700ACDF405E}.Release|x64.ActiveCfg = Release|Any CPU
		{BEDC9B01-4519-4607-BCAB-3700ACDF405E}.Release|x64.Build.0 = Release|Any CPU
		{BEDC9B01-4519-4607-BCAB-3700ACDF405E}.Release|x86.ActiveCfg = Release|Any CPU
		{BEDC9B01-4519-4607-BCAB-3700ACDF405E}.Release|x86.Build.0 = Release|Any CPU
		{1CC1E8C4-5763-4BA6-8A2E-5880755F25C2}.Ad-Hoc|Any CPU.ActiveCfg = Release|Any CPU
		{1CC1E8C4-5763-4BA6-8A2E-5880755F25C2}.Ad-Hoc|Any CPU.Build.0 = Release|Any CPU
		{1CC1E8C4-5763-4BA6-8A2E-5880755F25C2}.Ad-Hoc|ARM.ActiveCfg = Release|Any CPU
		{1CC1E8C4-5763-4BA6-8A2E-5880755F25C2}.Ad-Hoc|ARM.Build.0 = Release|Any CPU
		{1CC1E8C4-5763-4BA6-8A2E-5880755F25C2}.Ad-Hoc|iPhone.ActiveCfg = Release|Any CPU
		{1CC1E8C4-5763-4BA6-8A2E-5880755F25C2}.Ad-Hoc|iPhone.Build.0 = Release|Any CPU
		{1CC1E8C4-5763-4BA6-8A2E-5880755F25C2}.Ad-Hoc|iPhoneSimulator.ActiveCfg = Release|Any CPU
		{1CC1E8C4-5763-4BA6-8A2E-5880755F25C2}.Ad-Hoc|iPhoneSimulator.Build.0 = Release|Any CPU
		{1CC1E8C4-5763-4BA6-8A2E-5880755F25C2}.Ad-Hoc|x64.ActiveCfg = Release|Any CPU
		{1CC1E8C4-5763-4BA6-8A2E-5880755F25C2}.Ad-Hoc|x64.Build.0 = Release|Any CPU
		{1CC1E8C4-5763-4BA6-8A2E-5880755F25C2}.Ad-Hoc|x86.ActiveCfg = Release|Any CPU
		{1CC1E8C4-5763-4BA6-8A2E-5880755F25C2}.Ad-Hoc|x86.Build.0 = Release|Any CPU
		{1CC1E8C4-5763-4BA6-8A2E-5880755F25C2}.AppStore|Any CPU.ActiveCfg = Release|Any CPU
		{1CC1E8C4-5763-4BA6-8A2E-5880755F25C2}.AppStore|Any CPU.Build.0 = Release|Any CPU
		{1CC1E8C4-5763-4BA6-8A2E-5880755F25C2}.AppStore|ARM.ActiveCfg = Release|Any CPU
		{1CC1E8C4-5763-4BA6-8A2E-5880755F25C2}.AppStore|ARM.Build.0 = Release|Any CPU
		{1CC1E8C4-5763-4BA6-8A2E-5880755F25C2}.AppStore|iPhone.ActiveCfg = Release|Any CPU
		{1CC1E8C4-5763-4BA6-8A2E-5880755F25C2}.AppStore|iPhone.Build.0 = Release|Any CPU
		{1CC1E8C4-5763-4BA6-8A2E-5880755F25C2}.AppStore|iPhoneSimulator.ActiveCfg = Release|Any CPU
		{1CC1E8C4-5763-4BA6-8A2E-5880755F25C2}.AppStore|iPhoneSimulator.Build.0 = Release|Any CPU
		{1CC1E8C4-5763-4BA6-8A2E-5880755F25C2}.AppStore|x64.ActiveCfg = Release|Any CPU
		{1CC1E8C4-5763-4BA6-8A2E-5880755F25C2}.AppStore|x64.Build.0 = Release|Any CPU
		{1CC1E8C4-5763-4BA6-8A2E-5880755F25C2}.AppStore|x86.ActiveCfg = Release|Any CPU
		{1CC1E8C4-5763-4BA6-8A2E-5880755F25C2}.AppStore|x86.Build.0 = Release|Any CPU
		{1CC1E8C4-5763-4BA6-8A2E-5880755F25C2}.Debug|Any CPU.ActiveCfg = Debug|Any CPU
		{1CC1E8C4-5763-4BA6-8A2E-5880755F25C2}.Debug|Any CPU.Build.0 = Debug|Any CPU
		{1CC1E8C4-5763-4BA6-8A2E-5880755F25C2}.Debug|ARM.ActiveCfg = Debug|Any CPU
		{1CC1E8C4-5763-4BA6-8A2E-5880755F25C2}.Debug|ARM.Build.0 = Debug|Any CPU
		{1CC1E8C4-5763-4BA6-8A2E-5880755F25C2}.Debug|iPhone.ActiveCfg = Debug|Any CPU
		{1CC1E8C4-5763-4BA6-8A2E-5880755F25C2}.Debug|iPhone.Build.0 = Debug|Any CPU
		{1CC1E8C4-5763-4BA6-8A2E-5880755F25C2}.Debug|iPhoneSimulator.ActiveCfg = Debug|Any CPU
		{1CC1E8C4-5763-4BA6-8A2E-5880755F25C2}.Debug|iPhoneSimulator.Build.0 = Debug|Any CPU
		{1CC1E8C4-5763-4BA6-8A2E-5880755F25C2}.Debug|x64.ActiveCfg = Debug|Any CPU
		{1CC1E8C4-5763-4BA6-8A2E-5880755F25C2}.Debug|x64.Build.0 = Debug|Any CPU
		{1CC1E8C4-5763-4BA6-8A2E-5880755F25C2}.Debug|x86.ActiveCfg = Debug|Any CPU
		{1CC1E8C4-5763-4BA6-8A2E-5880755F25C2}.Debug|x86.Build.0 = Debug|Any CPU
		{1CC1E8C4-5763-4BA6-8A2E-5880755F25C2}.Release|Any CPU.ActiveCfg = Release|Any CPU
		{1CC1E8C4-5763-4BA6-8A2E-5880755F25C2}.Release|Any CPU.Build.0 = Release|Any CPU
		{1CC1E8C4-5763-4BA6-8A2E-5880755F25C2}.Release|ARM.ActiveCfg = Release|Any CPU
		{1CC1E8C4-5763-4BA6-8A2E-5880755F25C2}.Release|ARM.Build.0 = Release|Any CPU
		{1CC1E8C4-5763-4BA6-8A2E-5880755F25C2}.Release|iPhone.ActiveCfg = Release|Any CPU
		{1CC1E8C4-5763-4BA6-8A2E-5880755F25C2}.Release|iPhone.Build.0 = Release|Any CPU
		{1CC1E8C4-5763-4BA6-8A2E-5880755F25C2}.Release|iPhoneSimulator.ActiveCfg = Release|Any CPU
		{1CC1E8C4-5763-4BA6-8A2E-5880755F25C2}.Release|iPhoneSimulator.Build.0 = Release|Any CPU
		{1CC1E8C4-5763-4BA6-8A2E-5880755F25C2}.Release|x64.ActiveCfg = Release|Any CPU
		{1CC1E8C4-5763-4BA6-8A2E-5880755F25C2}.Release|x64.Build.0 = Release|Any CPU
		{1CC1E8C4-5763-4BA6-8A2E-5880755F25C2}.Release|x86.ActiveCfg = Release|Any CPU
		{1CC1E8C4-5763-4BA6-8A2E-5880755F25C2}.Release|x86.Build.0 = Release|Any CPU
		{EF4D9B79-20FD-4E5C-942C-61C74EC97892}.Ad-Hoc|Any CPU.ActiveCfg = Release|Any CPU
		{EF4D9B79-20FD-4E5C-942C-61C74EC97892}.Ad-Hoc|Any CPU.Build.0 = Release|Any CPU
		{EF4D9B79-20FD-4E5C-942C-61C74EC97892}.Ad-Hoc|Any CPU.Deploy.0 = Release|Any CPU
		{EF4D9B79-20FD-4E5C-942C-61C74EC97892}.Ad-Hoc|ARM.ActiveCfg = Release|Any CPU
		{EF4D9B79-20FD-4E5C-942C-61C74EC97892}.Ad-Hoc|ARM.Build.0 = Release|Any CPU
		{EF4D9B79-20FD-4E5C-942C-61C74EC97892}.Ad-Hoc|ARM.Deploy.0 = Release|Any CPU
		{EF4D9B79-20FD-4E5C-942C-61C74EC97892}.Ad-Hoc|iPhone.ActiveCfg = Release|Any CPU
		{EF4D9B79-20FD-4E5C-942C-61C74EC97892}.Ad-Hoc|iPhone.Build.0 = Release|Any CPU
		{EF4D9B79-20FD-4E5C-942C-61C74EC97892}.Ad-Hoc|iPhone.Deploy.0 = Release|Any CPU
		{EF4D9B79-20FD-4E5C-942C-61C74EC97892}.Ad-Hoc|iPhoneSimulator.ActiveCfg = Release|Any CPU
		{EF4D9B79-20FD-4E5C-942C-61C74EC97892}.Ad-Hoc|iPhoneSimulator.Build.0 = Release|Any CPU
		{EF4D9B79-20FD-4E5C-942C-61C74EC97892}.Ad-Hoc|iPhoneSimulator.Deploy.0 = Release|Any CPU
		{EF4D9B79-20FD-4E5C-942C-61C74EC97892}.Ad-Hoc|x64.ActiveCfg = Release|Any CPU
		{EF4D9B79-20FD-4E5C-942C-61C74EC97892}.Ad-Hoc|x64.Build.0 = Release|Any CPU
		{EF4D9B79-20FD-4E5C-942C-61C74EC97892}.Ad-Hoc|x64.Deploy.0 = Release|Any CPU
		{EF4D9B79-20FD-4E5C-942C-61C74EC97892}.Ad-Hoc|x86.ActiveCfg = Release|Any CPU
		{EF4D9B79-20FD-4E5C-942C-61C74EC97892}.Ad-Hoc|x86.Build.0 = Release|Any CPU
		{EF4D9B79-20FD-4E5C-942C-61C74EC97892}.Ad-Hoc|x86.Deploy.0 = Release|Any CPU
		{EF4D9B79-20FD-4E5C-942C-61C74EC97892}.AppStore|Any CPU.ActiveCfg = Release|Any CPU
		{EF4D9B79-20FD-4E5C-942C-61C74EC97892}.AppStore|Any CPU.Build.0 = Release|Any CPU
		{EF4D9B79-20FD-4E5C-942C-61C74EC97892}.AppStore|Any CPU.Deploy.0 = Release|Any CPU
		{EF4D9B79-20FD-4E5C-942C-61C74EC97892}.AppStore|ARM.ActiveCfg = Release|Any CPU
		{EF4D9B79-20FD-4E5C-942C-61C74EC97892}.AppStore|ARM.Build.0 = Release|Any CPU
		{EF4D9B79-20FD-4E5C-942C-61C74EC97892}.AppStore|ARM.Deploy.0 = Release|Any CPU
		{EF4D9B79-20FD-4E5C-942C-61C74EC97892}.AppStore|iPhone.ActiveCfg = Release|Any CPU
		{EF4D9B79-20FD-4E5C-942C-61C74EC97892}.AppStore|iPhone.Build.0 = Release|Any CPU
		{EF4D9B79-20FD-4E5C-942C-61C74EC97892}.AppStore|iPhone.Deploy.0 = Release|Any CPU
		{EF4D9B79-20FD-4E5C-942C-61C74EC97892}.AppStore|iPhoneSimulator.ActiveCfg = Release|Any CPU
		{EF4D9B79-20FD-4E5C-942C-61C74EC97892}.AppStore|iPhoneSimulator.Build.0 = Release|Any CPU
		{EF4D9B79-20FD-4E5C-942C-61C74EC97892}.AppStore|iPhoneSimulator.Deploy.0 = Release|Any CPU
		{EF4D9B79-20FD-4E5C-942C-61C74EC97892}.AppStore|x64.ActiveCfg = Release|Any CPU
		{EF4D9B79-20FD-4E5C-942C-61C74EC97892}.AppStore|x64.Build.0 = Release|Any CPU
		{EF4D9B79-20FD-4E5C-942C-61C74EC97892}.AppStore|x64.Deploy.0 = Release|Any CPU
		{EF4D9B79-20FD-4E5C-942C-61C74EC97892}.AppStore|x86.ActiveCfg = Release|Any CPU
		{EF4D9B79-20FD-4E5C-942C-61C74EC97892}.AppStore|x86.Build.0 = Release|Any CPU
		{EF4D9B79-20FD-4E5C-942C-61C74EC97892}.AppStore|x86.Deploy.0 = Release|Any CPU
		{EF4D9B79-20FD-4E5C-942C-61C74EC97892}.Debug|Any CPU.ActiveCfg = Debug|Any CPU
		{EF4D9B79-20FD-4E5C-942C-61C74EC97892}.Debug|Any CPU.Build.0 = Debug|Any CPU
		{EF4D9B79-20FD-4E5C-942C-61C74EC97892}.Debug|Any CPU.Deploy.0 = Debug|Any CPU
		{EF4D9B79-20FD-4E5C-942C-61C74EC97892}.Debug|ARM.ActiveCfg = Debug|Any CPU
		{EF4D9B79-20FD-4E5C-942C-61C74EC97892}.Debug|ARM.Build.0 = Debug|Any CPU
		{EF4D9B79-20FD-4E5C-942C-61C74EC97892}.Debug|ARM.Deploy.0 = Debug|Any CPU
		{EF4D9B79-20FD-4E5C-942C-61C74EC97892}.Debug|iPhone.ActiveCfg = Debug|Any CPU
		{EF4D9B79-20FD-4E5C-942C-61C74EC97892}.Debug|iPhone.Build.0 = Debug|Any CPU
		{EF4D9B79-20FD-4E5C-942C-61C74EC97892}.Debug|iPhoneSimulator.ActiveCfg = Debug|Any CPU
		{EF4D9B79-20FD-4E5C-942C-61C74EC97892}.Debug|iPhoneSimulator.Build.0 = Debug|Any CPU
		{EF4D9B79-20FD-4E5C-942C-61C74EC97892}.Debug|x64.ActiveCfg = Debug|Any CPU
		{EF4D9B79-20FD-4E5C-942C-61C74EC97892}.Debug|x64.Build.0 = Debug|Any CPU
		{EF4D9B79-20FD-4E5C-942C-61C74EC97892}.Debug|x64.Deploy.0 = Debug|Any CPU
		{EF4D9B79-20FD-4E5C-942C-61C74EC97892}.Debug|x86.ActiveCfg = Debug|Any CPU
		{EF4D9B79-20FD-4E5C-942C-61C74EC97892}.Debug|x86.Build.0 = Debug|Any CPU
		{EF4D9B79-20FD-4E5C-942C-61C74EC97892}.Debug|x86.Deploy.0 = Debug|Any CPU
		{EF4D9B79-20FD-4E5C-942C-61C74EC97892}.Release|Any CPU.ActiveCfg = Release|Any CPU
		{EF4D9B79-20FD-4E5C-942C-61C74EC97892}.Release|Any CPU.Build.0 = Release|Any CPU
		{EF4D9B79-20FD-4E5C-942C-61C74EC97892}.Release|ARM.ActiveCfg = Release|Any CPU
		{EF4D9B79-20FD-4E5C-942C-61C74EC97892}.Release|ARM.Build.0 = Release|Any CPU
		{EF4D9B79-20FD-4E5C-942C-61C74EC97892}.Release|ARM.Deploy.0 = Release|Any CPU
		{EF4D9B79-20FD-4E5C-942C-61C74EC97892}.Release|iPhone.ActiveCfg = Release|Any CPU
		{EF4D9B79-20FD-4E5C-942C-61C74EC97892}.Release|iPhone.Build.0 = Release|Any CPU
		{EF4D9B79-20FD-4E5C-942C-61C74EC97892}.Release|iPhoneSimulator.ActiveCfg = Release|Any CPU
		{EF4D9B79-20FD-4E5C-942C-61C74EC97892}.Release|iPhoneSimulator.Build.0 = Release|Any CPU
		{EF4D9B79-20FD-4E5C-942C-61C74EC97892}.Release|x64.ActiveCfg = Release|Any CPU
		{EF4D9B79-20FD-4E5C-942C-61C74EC97892}.Release|x64.Build.0 = Release|Any CPU
		{EF4D9B79-20FD-4E5C-942C-61C74EC97892}.Release|x64.Deploy.0 = Release|Any CPU
		{EF4D9B79-20FD-4E5C-942C-61C74EC97892}.Release|x86.ActiveCfg = Release|Any CPU
		{EF4D9B79-20FD-4E5C-942C-61C74EC97892}.Release|x86.Build.0 = Release|Any CPU
		{EF4D9B79-20FD-4E5C-942C-61C74EC97892}.Release|x86.Deploy.0 = Release|Any CPU
		{E049336A-D455-430C-8D5C-7F70B7B7338E}.Ad-Hoc|Any CPU.ActiveCfg = AppStore|iPhone
		{E049336A-D455-430C-8D5C-7F70B7B7338E}.Ad-Hoc|Any CPU.Build.0 = AppStore|iPhone
		{E049336A-D455-430C-8D5C-7F70B7B7338E}.Ad-Hoc|ARM.ActiveCfg = AppStore|iPhone
		{E049336A-D455-430C-8D5C-7F70B7B7338E}.Ad-Hoc|ARM.Build.0 = AppStore|iPhone
		{E049336A-D455-430C-8D5C-7F70B7B7338E}.Ad-Hoc|iPhone.ActiveCfg = AppStore|iPhone
		{E049336A-D455-430C-8D5C-7F70B7B7338E}.Ad-Hoc|iPhone.Build.0 = AppStore|iPhone
		{E049336A-D455-430C-8D5C-7F70B7B7338E}.Ad-Hoc|iPhoneSimulator.ActiveCfg = AppStore|iPhoneSimulator
		{E049336A-D455-430C-8D5C-7F70B7B7338E}.Ad-Hoc|iPhoneSimulator.Build.0 = AppStore|iPhoneSimulator
		{E049336A-D455-430C-8D5C-7F70B7B7338E}.Ad-Hoc|x64.ActiveCfg = AppStore|iPhone
		{E049336A-D455-430C-8D5C-7F70B7B7338E}.Ad-Hoc|x64.Build.0 = AppStore|iPhone
		{E049336A-D455-430C-8D5C-7F70B7B7338E}.Ad-Hoc|x86.ActiveCfg = AppStore|iPhone
		{E049336A-D455-430C-8D5C-7F70B7B7338E}.Ad-Hoc|x86.Build.0 = AppStore|iPhone
		{E049336A-D455-430C-8D5C-7F70B7B7338E}.AppStore|Any CPU.ActiveCfg = AppStore|iPhone
		{E049336A-D455-430C-8D5C-7F70B7B7338E}.AppStore|ARM.ActiveCfg = AppStore|iPhone
		{E049336A-D455-430C-8D5C-7F70B7B7338E}.AppStore|iPhone.ActiveCfg = AppStore|iPhone
		{E049336A-D455-430C-8D5C-7F70B7B7338E}.AppStore|iPhone.Build.0 = AppStore|iPhone
		{E049336A-D455-430C-8D5C-7F70B7B7338E}.AppStore|iPhoneSimulator.ActiveCfg = AppStore|iPhoneSimulator
		{E049336A-D455-430C-8D5C-7F70B7B7338E}.AppStore|iPhoneSimulator.Build.0 = AppStore|iPhoneSimulator
		{E049336A-D455-430C-8D5C-7F70B7B7338E}.AppStore|x64.ActiveCfg = AppStore|iPhone
		{E049336A-D455-430C-8D5C-7F70B7B7338E}.AppStore|x86.ActiveCfg = AppStore|iPhone
		{E049336A-D455-430C-8D5C-7F70B7B7338E}.Debug|Any CPU.ActiveCfg = Debug|iPhoneSimulator
		{E049336A-D455-430C-8D5C-7F70B7B7338E}.Debug|Any CPU.Build.0 = Debug|iPhoneSimulator
		{E049336A-D455-430C-8D5C-7F70B7B7338E}.Debug|ARM.ActiveCfg = Debug|iPhone
		{E049336A-D455-430C-8D5C-7F70B7B7338E}.Debug|iPhone.ActiveCfg = Debug|iPhone
		{E049336A-D455-430C-8D5C-7F70B7B7338E}.Debug|iPhone.Build.0 = Debug|iPhone
		{E049336A-D455-430C-8D5C-7F70B7B7338E}.Debug|iPhoneSimulator.ActiveCfg = Debug|iPhoneSimulator
		{E049336A-D455-430C-8D5C-7F70B7B7338E}.Debug|iPhoneSimulator.Build.0 = Debug|iPhoneSimulator
		{E049336A-D455-430C-8D5C-7F70B7B7338E}.Debug|x64.ActiveCfg = Debug|iPhone
		{E049336A-D455-430C-8D5C-7F70B7B7338E}.Debug|x86.ActiveCfg = Debug|iPhone
		{E049336A-D455-430C-8D5C-7F70B7B7338E}.Release|Any CPU.ActiveCfg = Release|iPhone
		{E049336A-D455-430C-8D5C-7F70B7B7338E}.Release|Any CPU.Build.0 = Release|iPhone
		{E049336A-D455-430C-8D5C-7F70B7B7338E}.Release|ARM.ActiveCfg = Release|iPhoneSimulator
		{E049336A-D455-430C-8D5C-7F70B7B7338E}.Release|iPhone.ActiveCfg = Release|iPhone
		{E049336A-D455-430C-8D5C-7F70B7B7338E}.Release|iPhone.Build.0 = Release|iPhone
		{E049336A-D455-430C-8D5C-7F70B7B7338E}.Release|iPhoneSimulator.ActiveCfg = Release|iPhoneSimulator
		{E049336A-D455-430C-8D5C-7F70B7B7338E}.Release|iPhoneSimulator.Build.0 = Release|iPhoneSimulator
		{E049336A-D455-430C-8D5C-7F70B7B7338E}.Release|x64.ActiveCfg = Release|iPhoneSimulator
		{E049336A-D455-430C-8D5C-7F70B7B7338E}.Release|x86.ActiveCfg = Release|iPhoneSimulator
		{853466F1-30A3-4BD2-B633-2D6A59CCAF99}.Ad-Hoc|Any CPU.ActiveCfg = Release|Any CPU
		{853466F1-30A3-4BD2-B633-2D6A59CCAF99}.Ad-Hoc|Any CPU.Build.0 = Release|Any CPU
		{853466F1-30A3-4BD2-B633-2D6A59CCAF99}.Ad-Hoc|Any CPU.Deploy.0 = Release|Any CPU
		{853466F1-30A3-4BD2-B633-2D6A59CCAF99}.Ad-Hoc|ARM.ActiveCfg = Release|Any CPU
		{853466F1-30A3-4BD2-B633-2D6A59CCAF99}.Ad-Hoc|ARM.Build.0 = Release|Any CPU
		{853466F1-30A3-4BD2-B633-2D6A59CCAF99}.Ad-Hoc|ARM.Deploy.0 = Release|Any CPU
		{853466F1-30A3-4BD2-B633-2D6A59CCAF99}.Ad-Hoc|iPhone.ActiveCfg = Release|Any CPU
		{853466F1-30A3-4BD2-B633-2D6A59CCAF99}.Ad-Hoc|iPhone.Build.0 = Release|Any CPU
		{853466F1-30A3-4BD2-B633-2D6A59CCAF99}.Ad-Hoc|iPhone.Deploy.0 = Release|Any CPU
		{853466F1-30A3-4BD2-B633-2D6A59CCAF99}.Ad-Hoc|iPhoneSimulator.ActiveCfg = Release|Any CPU
		{853466F1-30A3-4BD2-B633-2D6A59CCAF99}.Ad-Hoc|iPhoneSimulator.Build.0 = Release|Any CPU
		{853466F1-30A3-4BD2-B633-2D6A59CCAF99}.Ad-Hoc|iPhoneSimulator.Deploy.0 = Release|Any CPU
		{853466F1-30A3-4BD2-B633-2D6A59CCAF99}.Ad-Hoc|x64.ActiveCfg = Release|Any CPU
		{853466F1-30A3-4BD2-B633-2D6A59CCAF99}.Ad-Hoc|x64.Build.0 = Release|Any CPU
		{853466F1-30A3-4BD2-B633-2D6A59CCAF99}.Ad-Hoc|x64.Deploy.0 = Release|Any CPU
		{853466F1-30A3-4BD2-B633-2D6A59CCAF99}.Ad-Hoc|x86.ActiveCfg = Release|Any CPU
		{853466F1-30A3-4BD2-B633-2D6A59CCAF99}.Ad-Hoc|x86.Build.0 = Release|Any CPU
		{853466F1-30A3-4BD2-B633-2D6A59CCAF99}.Ad-Hoc|x86.Deploy.0 = Release|Any CPU
		{853466F1-30A3-4BD2-B633-2D6A59CCAF99}.AppStore|Any CPU.ActiveCfg = Release|Any CPU
		{853466F1-30A3-4BD2-B633-2D6A59CCAF99}.AppStore|Any CPU.Build.0 = Release|Any CPU
		{853466F1-30A3-4BD2-B633-2D6A59CCAF99}.AppStore|Any CPU.Deploy.0 = Release|Any CPU
		{853466F1-30A3-4BD2-B633-2D6A59CCAF99}.AppStore|ARM.ActiveCfg = Release|Any CPU
		{853466F1-30A3-4BD2-B633-2D6A59CCAF99}.AppStore|ARM.Build.0 = Release|Any CPU
		{853466F1-30A3-4BD2-B633-2D6A59CCAF99}.AppStore|ARM.Deploy.0 = Release|Any CPU
		{853466F1-30A3-4BD2-B633-2D6A59CCAF99}.AppStore|iPhone.ActiveCfg = Release|Any CPU
		{853466F1-30A3-4BD2-B633-2D6A59CCAF99}.AppStore|iPhone.Build.0 = Release|Any CPU
		{853466F1-30A3-4BD2-B633-2D6A59CCAF99}.AppStore|iPhone.Deploy.0 = Release|Any CPU
		{853466F1-30A3-4BD2-B633-2D6A59CCAF99}.AppStore|iPhoneSimulator.ActiveCfg = Release|Any CPU
		{853466F1-30A3-4BD2-B633-2D6A59CCAF99}.AppStore|iPhoneSimulator.Build.0 = Release|Any CPU
		{853466F1-30A3-4BD2-B633-2D6A59CCAF99}.AppStore|iPhoneSimulator.Deploy.0 = Release|Any CPU
		{853466F1-30A3-4BD2-B633-2D6A59CCAF99}.AppStore|x64.ActiveCfg = Release|Any CPU
		{853466F1-30A3-4BD2-B633-2D6A59CCAF99}.AppStore|x64.Build.0 = Release|Any CPU
		{853466F1-30A3-4BD2-B633-2D6A59CCAF99}.AppStore|x64.Deploy.0 = Release|Any CPU
		{853466F1-30A3-4BD2-B633-2D6A59CCAF99}.AppStore|x86.ActiveCfg = Release|Any CPU
		{853466F1-30A3-4BD2-B633-2D6A59CCAF99}.AppStore|x86.Build.0 = Release|Any CPU
		{853466F1-30A3-4BD2-B633-2D6A59CCAF99}.AppStore|x86.Deploy.0 = Release|Any CPU
		{853466F1-30A3-4BD2-B633-2D6A59CCAF99}.Debug|Any CPU.ActiveCfg = Debug|Any CPU
		{853466F1-30A3-4BD2-B633-2D6A59CCAF99}.Debug|Any CPU.Build.0 = Debug|Any CPU
		{853466F1-30A3-4BD2-B633-2D6A59CCAF99}.Debug|Any CPU.Deploy.0 = Debug|Any CPU
		{853466F1-30A3-4BD2-B633-2D6A59CCAF99}.Debug|ARM.ActiveCfg = Debug|Any CPU
		{853466F1-30A3-4BD2-B633-2D6A59CCAF99}.Debug|ARM.Build.0 = Debug|Any CPU
		{853466F1-30A3-4BD2-B633-2D6A59CCAF99}.Debug|ARM.Deploy.0 = Debug|Any CPU
		{853466F1-30A3-4BD2-B633-2D6A59CCAF99}.Debug|iPhone.ActiveCfg = Debug|Any CPU
		{853466F1-30A3-4BD2-B633-2D6A59CCAF99}.Debug|iPhone.Build.0 = Debug|Any CPU
		{853466F1-30A3-4BD2-B633-2D6A59CCAF99}.Debug|iPhone.Deploy.0 = Debug|Any CPU
		{853466F1-30A3-4BD2-B633-2D6A59CCAF99}.Debug|iPhoneSimulator.ActiveCfg = Debug|Any CPU
		{853466F1-30A3-4BD2-B633-2D6A59CCAF99}.Debug|iPhoneSimulator.Build.0 = Debug|Any CPU
		{853466F1-30A3-4BD2-B633-2D6A59CCAF99}.Debug|iPhoneSimulator.Deploy.0 = Debug|Any CPU
		{853466F1-30A3-4BD2-B633-2D6A59CCAF99}.Debug|x64.ActiveCfg = Debug|Any CPU
		{853466F1-30A3-4BD2-B633-2D6A59CCAF99}.Debug|x64.Build.0 = Debug|Any CPU
		{853466F1-30A3-4BD2-B633-2D6A59CCAF99}.Debug|x64.Deploy.0 = Debug|Any CPU
		{853466F1-30A3-4BD2-B633-2D6A59CCAF99}.Debug|x86.ActiveCfg = Debug|Any CPU
		{853466F1-30A3-4BD2-B633-2D6A59CCAF99}.Debug|x86.Build.0 = Debug|Any CPU
		{853466F1-30A3-4BD2-B633-2D6A59CCAF99}.Debug|x86.Deploy.0 = Debug|Any CPU
		{853466F1-30A3-4BD2-B633-2D6A59CCAF99}.Release|Any CPU.ActiveCfg = Release|Any CPU
		{853466F1-30A3-4BD2-B633-2D6A59CCAF99}.Release|Any CPU.Build.0 = Release|Any CPU
		{853466F1-30A3-4BD2-B633-2D6A59CCAF99}.Release|Any CPU.Deploy.0 = Release|Any CPU
		{853466F1-30A3-4BD2-B633-2D6A59CCAF99}.Release|ARM.ActiveCfg = Release|Any CPU
		{853466F1-30A3-4BD2-B633-2D6A59CCAF99}.Release|ARM.Build.0 = Release|Any CPU
		{853466F1-30A3-4BD2-B633-2D6A59CCAF99}.Release|ARM.Deploy.0 = Release|Any CPU
		{853466F1-30A3-4BD2-B633-2D6A59CCAF99}.Release|iPhone.ActiveCfg = Release|Any CPU
		{853466F1-30A3-4BD2-B633-2D6A59CCAF99}.Release|iPhone.Build.0 = Release|Any CPU
		{853466F1-30A3-4BD2-B633-2D6A59CCAF99}.Release|iPhone.Deploy.0 = Release|Any CPU
		{853466F1-30A3-4BD2-B633-2D6A59CCAF99}.Release|iPhoneSimulator.ActiveCfg = Release|Any CPU
		{853466F1-30A3-4BD2-B633-2D6A59CCAF99}.Release|iPhoneSimulator.Build.0 = Release|Any CPU
		{853466F1-30A3-4BD2-B633-2D6A59CCAF99}.Release|iPhoneSimulator.Deploy.0 = Release|Any CPU
		{853466F1-30A3-4BD2-B633-2D6A59CCAF99}.Release|x64.ActiveCfg = Release|Any CPU
		{853466F1-30A3-4BD2-B633-2D6A59CCAF99}.Release|x64.Build.0 = Release|Any CPU
		{853466F1-30A3-4BD2-B633-2D6A59CCAF99}.Release|x64.Deploy.0 = Release|Any CPU
		{853466F1-30A3-4BD2-B633-2D6A59CCAF99}.Release|x86.ActiveCfg = Release|Any CPU
		{853466F1-30A3-4BD2-B633-2D6A59CCAF99}.Release|x86.Build.0 = Release|Any CPU
		{853466F1-30A3-4BD2-B633-2D6A59CCAF99}.Release|x86.Deploy.0 = Release|Any CPU
		{85DEDD94-66A6-4333-8BEF-FD29ABB73916}.Ad-Hoc|Any CPU.ActiveCfg = Ad-Hoc|iPhone
		{85DEDD94-66A6-4333-8BEF-FD29ABB73916}.Ad-Hoc|ARM.ActiveCfg = Ad-Hoc|iPhone
		{85DEDD94-66A6-4333-8BEF-FD29ABB73916}.Ad-Hoc|iPhone.ActiveCfg = Ad-Hoc|iPhone
		{85DEDD94-66A6-4333-8BEF-FD29ABB73916}.Ad-Hoc|iPhone.Build.0 = Ad-Hoc|iPhone
		{85DEDD94-66A6-4333-8BEF-FD29ABB73916}.Ad-Hoc|iPhoneSimulator.ActiveCfg = Ad-Hoc|iPhoneSimulator
		{85DEDD94-66A6-4333-8BEF-FD29ABB73916}.Ad-Hoc|iPhoneSimulator.Build.0 = Ad-Hoc|iPhoneSimulator
		{85DEDD94-66A6-4333-8BEF-FD29ABB73916}.Ad-Hoc|x64.ActiveCfg = Ad-Hoc|iPhone
		{85DEDD94-66A6-4333-8BEF-FD29ABB73916}.Ad-Hoc|x86.ActiveCfg = Ad-Hoc|iPhone
		{85DEDD94-66A6-4333-8BEF-FD29ABB73916}.AppStore|Any CPU.ActiveCfg = AppStore|iPhone
		{85DEDD94-66A6-4333-8BEF-FD29ABB73916}.AppStore|ARM.ActiveCfg = AppStore|iPhone
		{85DEDD94-66A6-4333-8BEF-FD29ABB73916}.AppStore|iPhone.ActiveCfg = AppStore|iPhone
		{85DEDD94-66A6-4333-8BEF-FD29ABB73916}.AppStore|iPhone.Build.0 = AppStore|iPhone
		{85DEDD94-66A6-4333-8BEF-FD29ABB73916}.AppStore|iPhoneSimulator.ActiveCfg = AppStore|iPhoneSimulator
		{85DEDD94-66A6-4333-8BEF-FD29ABB73916}.AppStore|iPhoneSimulator.Build.0 = AppStore|iPhoneSimulator
		{85DEDD94-66A6-4333-8BEF-FD29ABB73916}.AppStore|x64.ActiveCfg = AppStore|iPhone
		{85DEDD94-66A6-4333-8BEF-FD29ABB73916}.AppStore|x86.ActiveCfg = AppStore|iPhone
		{85DEDD94-66A6-4333-8BEF-FD29ABB73916}.Debug|Any CPU.ActiveCfg = Debug|iPhone
		{85DEDD94-66A6-4333-8BEF-FD29ABB73916}.Debug|ARM.ActiveCfg = Debug|iPhone
		{85DEDD94-66A6-4333-8BEF-FD29ABB73916}.Debug|iPhone.ActiveCfg = Debug|iPhone
		{85DEDD94-66A6-4333-8BEF-FD29ABB73916}.Debug|iPhone.Build.0 = Debug|iPhone
		{85DEDD94-66A6-4333-8BEF-FD29ABB73916}.Debug|iPhoneSimulator.ActiveCfg = Debug|iPhoneSimulator
		{85DEDD94-66A6-4333-8BEF-FD29ABB73916}.Debug|iPhoneSimulator.Build.0 = Debug|iPhoneSimulator
		{85DEDD94-66A6-4333-8BEF-FD29ABB73916}.Debug|x64.ActiveCfg = Debug|iPhone
		{85DEDD94-66A6-4333-8BEF-FD29ABB73916}.Debug|x86.ActiveCfg = Debug|iPhone
		{85DEDD94-66A6-4333-8BEF-FD29ABB73916}.Release|Any CPU.ActiveCfg = Release|iPhone
		{85DEDD94-66A6-4333-8BEF-FD29ABB73916}.Release|ARM.ActiveCfg = Release|iPhone
		{85DEDD94-66A6-4333-8BEF-FD29ABB73916}.Release|iPhone.ActiveCfg = Release|iPhone
		{85DEDD94-66A6-4333-8BEF-FD29ABB73916}.Release|iPhone.Build.0 = Release|iPhone
		{85DEDD94-66A6-4333-8BEF-FD29ABB73916}.Release|iPhoneSimulator.ActiveCfg = Release|iPhoneSimulator
		{85DEDD94-66A6-4333-8BEF-FD29ABB73916}.Release|iPhoneSimulator.Build.0 = Release|iPhoneSimulator
		{85DEDD94-66A6-4333-8BEF-FD29ABB73916}.Release|x64.ActiveCfg = Release|iPhone
		{85DEDD94-66A6-4333-8BEF-FD29ABB73916}.Release|x86.ActiveCfg = Release|iPhone
		{BEE7A228-27AA-432E-9671-31B166C07001}.Ad-Hoc|Any CPU.ActiveCfg = Release|Any CPU
		{BEE7A228-27AA-432E-9671-31B166C07001}.Ad-Hoc|Any CPU.Build.0 = Release|Any CPU
		{BEE7A228-27AA-432E-9671-31B166C07001}.Ad-Hoc|ARM.ActiveCfg = Release|Any CPU
		{BEE7A228-27AA-432E-9671-31B166C07001}.Ad-Hoc|ARM.Build.0 = Release|Any CPU
		{BEE7A228-27AA-432E-9671-31B166C07001}.Ad-Hoc|iPhone.ActiveCfg = Release|Any CPU
		{BEE7A228-27AA-432E-9671-31B166C07001}.Ad-Hoc|iPhone.Build.0 = Release|Any CPU
		{BEE7A228-27AA-432E-9671-31B166C07001}.Ad-Hoc|iPhoneSimulator.ActiveCfg = Release|Any CPU
		{BEE7A228-27AA-432E-9671-31B166C07001}.Ad-Hoc|iPhoneSimulator.Build.0 = Release|Any CPU
		{BEE7A228-27AA-432E-9671-31B166C07001}.Ad-Hoc|x64.ActiveCfg = Release|Any CPU
		{BEE7A228-27AA-432E-9671-31B166C07001}.Ad-Hoc|x64.Build.0 = Release|Any CPU
		{BEE7A228-27AA-432E-9671-31B166C07001}.Ad-Hoc|x86.ActiveCfg = Release|Any CPU
		{BEE7A228-27AA-432E-9671-31B166C07001}.Ad-Hoc|x86.Build.0 = Release|Any CPU
		{BEE7A228-27AA-432E-9671-31B166C07001}.AppStore|Any CPU.ActiveCfg = Release|Any CPU
		{BEE7A228-27AA-432E-9671-31B166C07001}.AppStore|Any CPU.Build.0 = Release|Any CPU
		{BEE7A228-27AA-432E-9671-31B166C07001}.AppStore|ARM.ActiveCfg = Release|Any CPU
		{BEE7A228-27AA-432E-9671-31B166C07001}.AppStore|ARM.Build.0 = Release|Any CPU
		{BEE7A228-27AA-432E-9671-31B166C07001}.AppStore|iPhone.ActiveCfg = Release|Any CPU
		{BEE7A228-27AA-432E-9671-31B166C07001}.AppStore|iPhone.Build.0 = Release|Any CPU
		{BEE7A228-27AA-432E-9671-31B166C07001}.AppStore|iPhoneSimulator.ActiveCfg = Release|Any CPU
		{BEE7A228-27AA-432E-9671-31B166C07001}.AppStore|iPhoneSimulator.Build.0 = Release|Any CPU
		{BEE7A228-27AA-432E-9671-31B166C07001}.AppStore|x64.ActiveCfg = Release|Any CPU
		{BEE7A228-27AA-432E-9671-31B166C07001}.AppStore|x64.Build.0 = Release|Any CPU
		{BEE7A228-27AA-432E-9671-31B166C07001}.AppStore|x86.ActiveCfg = Release|Any CPU
		{BEE7A228-27AA-432E-9671-31B166C07001}.AppStore|x86.Build.0 = Release|Any CPU
		{BEE7A228-27AA-432E-9671-31B166C07001}.Debug|Any CPU.ActiveCfg = Debug|Any CPU
		{BEE7A228-27AA-432E-9671-31B166C07001}.Debug|Any CPU.Build.0 = Debug|Any CPU
		{BEE7A228-27AA-432E-9671-31B166C07001}.Debug|ARM.ActiveCfg = Debug|Any CPU
		{BEE7A228-27AA-432E-9671-31B166C07001}.Debug|ARM.Build.0 = Debug|Any CPU
		{BEE7A228-27AA-432E-9671-31B166C07001}.Debug|iPhone.ActiveCfg = Debug|Any CPU
		{BEE7A228-27AA-432E-9671-31B166C07001}.Debug|iPhone.Build.0 = Debug|Any CPU
		{BEE7A228-27AA-432E-9671-31B166C07001}.Debug|iPhoneSimulator.ActiveCfg = Debug|Any CPU
		{BEE7A228-27AA-432E-9671-31B166C07001}.Debug|iPhoneSimulator.Build.0 = Debug|Any CPU
		{BEE7A228-27AA-432E-9671-31B166C07001}.Debug|x64.ActiveCfg = Debug|Any CPU
		{BEE7A228-27AA-432E-9671-31B166C07001}.Debug|x64.Build.0 = Debug|Any CPU
		{BEE7A228-27AA-432E-9671-31B166C07001}.Debug|x86.ActiveCfg = Debug|Any CPU
		{BEE7A228-27AA-432E-9671-31B166C07001}.Debug|x86.Build.0 = Debug|Any CPU
		{BEE7A228-27AA-432E-9671-31B166C07001}.Release|Any CPU.ActiveCfg = Release|Any CPU
		{BEE7A228-27AA-432E-9671-31B166C07001}.Release|Any CPU.Build.0 = Release|Any CPU
		{BEE7A228-27AA-432E-9671-31B166C07001}.Release|ARM.ActiveCfg = Release|Any CPU
		{BEE7A228-27AA-432E-9671-31B166C07001}.Release|ARM.Build.0 = Release|Any CPU
		{BEE7A228-27AA-432E-9671-31B166C07001}.Release|iPhone.ActiveCfg = Release|Any CPU
		{BEE7A228-27AA-432E-9671-31B166C07001}.Release|iPhone.Build.0 = Release|Any CPU
		{BEE7A228-27AA-432E-9671-31B166C07001}.Release|iPhoneSimulator.ActiveCfg = Release|Any CPU
		{BEE7A228-27AA-432E-9671-31B166C07001}.Release|iPhoneSimulator.Build.0 = Release|Any CPU
		{BEE7A228-27AA-432E-9671-31B166C07001}.Release|x64.ActiveCfg = Release|Any CPU
		{BEE7A228-27AA-432E-9671-31B166C07001}.Release|x64.Build.0 = Release|Any CPU
		{BEE7A228-27AA-432E-9671-31B166C07001}.Release|x86.ActiveCfg = Release|Any CPU
		{BEE7A228-27AA-432E-9671-31B166C07001}.Release|x86.Build.0 = Release|Any CPU
	EndGlobalSection
	GlobalSection(SolutionProperties) = preSolution
		HideSolutionNode = FALSE
	EndGlobalSection
	GlobalSection(NestedProjects) = preSolution
		{EBD23762-16B0-4C51-9ACC-1917C2E2DD64} = {80A3AACB-DE77-41A6-839E-F58B8B7750A5}
		{8B611332-9D09-4D47-AB7F-DA1A4E2CDF24} = {80A3AACB-DE77-41A6-839E-F58B8B7750A5}
		{BEDC9B01-4519-4607-BCAB-3700ACDF405E} = {80A3AACB-DE77-41A6-839E-F58B8B7750A5}
		{1CC1E8C4-5763-4BA6-8A2E-5880755F25C2} = {5B07462B-E576-42EA-A499-525DB682866C}
		{EF4D9B79-20FD-4E5C-942C-61C74EC97892} = {5B07462B-E576-42EA-A499-525DB682866C}
		{E049336A-D455-430C-8D5C-7F70B7B7338E} = {5B07462B-E576-42EA-A499-525DB682866C}
		{853466F1-30A3-4BD2-B633-2D6A59CCAF99} = {317D2F1A-6AB9-47DC-B82D-19D731276931}
		{85DEDD94-66A6-4333-8BEF-FD29ABB73916} = {317D2F1A-6AB9-47DC-B82D-19D731276931}
		{BEE7A228-27AA-432E-9671-31B166C07001} = {317D2F1A-6AB9-47DC-B82D-19D731276931}
	EndGlobalSection
EndGlobal
