
Microsoft Visual Studio Solution File, Format Version 12.00
# Visual Studio 2012
Project("{2150E333-8FDC-42A3-9474-1A3956D46DE8}") = "Solution Items", "Solution Items", "{94E4C1AC-F198-44B1-B3D0-32940E1AA2F4}"
	ProjectSection(SolutionItems) = preProject
		Xamarin.BluetoothLE.nuspec = Xamarin.BluetoothLE.nuspec
		LICENSE.md = LICENSE.md
	EndProjectSection
EndProject
Project("{2150E333-8FDC-42A3-9474-1A3956D46DE8}") = "Framework", "Framework", "{80A3AACB-DE77-41A6-839E-F58B8B7750A5}"
EndProject
Project("{FAE04EC0-301F-11D3-BF4B-00C04F79EFBC}") = "BluetoothLE.Core", "BluetoothLE.Core\BluetoothLE.Core.csproj", "{EBD23762-16B0-4C51-9ACC-1917C2E2DD64}"
EndProject
Project("{FAE04EC0-301F-11D3-BF4B-00C04F79EFBC}") = "BluetoothLE.iOS", "BluetoothLE.iOS\BluetoothLE.iOS.csproj", "{8B611332-9D09-4D47-AB7F-DA1A4E2CDF24}"
EndProject
Project("{FAE04EC0-301F-11D3-BF4B-00C04F79EFBC}") = "BluetoothLE.Droid", "BluetoothLE.Droid\BluetoothLE.Droid.csproj", "{BEDC9B01-4519-4607-BCAB-3700ACDF405E}"
EndProject
Project("{2150E333-8FDC-42A3-9474-1A3956D46DE8}") = "Example", "Example", "{5B07462B-E576-42EA-A499-525DB682866C}"
EndProject
Project("{FAE04EC0-301F-11D3-BF4B-00C04F79EFBC}") = "BluetoothLE.Example", "BluetoothLE.Example\BluetoothLE.Example.csproj", "{1CC1E8C4-5763-4BA6-8A2E-5880755F25C2}"
EndProject
Project("{FAE04EC0-301F-11D3-BF4B-00C04F79EFBC}") = "BluetoothLE.Example.Droid", "Droid\BluetoothLE.Example.Droid.csproj", "{EF4D9B79-20FD-4E5C-942C-61C74EC97892}"
EndProject
Project("{FAE04EC0-301F-11D3-BF4B-00C04F79EFBC}") = "BluetoothLE.Example.iOS", "iOS\BluetoothLE.Example.iOS.csproj", "{E049336A-D455-430C-8D5C-7F70B7B7338E}"
EndProject
Global
	GlobalSection(SolutionConfigurationPlatforms) = preSolution
		Debug|Any CPU = Debug|Any CPU
		Release|Any CPU = Release|Any CPU
		Debug|iPhoneSimulator = Debug|iPhoneSimulator
		Release|iPhone = Release|iPhone
		Release|iPhoneSimulator = Release|iPhoneSimulator
		Debug|iPhone = Debug|iPhone
	EndGlobalSection
	GlobalSection(ProjectConfigurationPlatforms) = postSolution
		{1CC1E8C4-5763-4BA6-8A2E-5880755F25C2}.Debug|Any CPU.ActiveCfg = Debug|Any CPU
		{1CC1E8C4-5763-4BA6-8A2E-5880755F25C2}.Debug|Any CPU.Build.0 = Debug|Any CPU
		{1CC1E8C4-5763-4BA6-8A2E-5880755F25C2}.Debug|iPhone.ActiveCfg = Debug|Any CPU
		{1CC1E8C4-5763-4BA6-8A2E-5880755F25C2}.Debug|iPhone.Build.0 = Debug|Any CPU
		{1CC1E8C4-5763-4BA6-8A2E-5880755F25C2}.Debug|iPhoneSimulator.ActiveCfg = Debug|Any CPU
		{1CC1E8C4-5763-4BA6-8A2E-5880755F25C2}.Debug|iPhoneSimulator.Build.0 = Debug|Any CPU
		{1CC1E8C4-5763-4BA6-8A2E-5880755F25C2}.Release|Any CPU.ActiveCfg = Release|Any CPU
		{1CC1E8C4-5763-4BA6-8A2E-5880755F25C2}.Release|Any CPU.Build.0 = Release|Any CPU
		{1CC1E8C4-5763-4BA6-8A2E-5880755F25C2}.Release|iPhone.ActiveCfg = Release|Any CPU
		{1CC1E8C4-5763-4BA6-8A2E-5880755F25C2}.Release|iPhone.Build.0 = Release|Any CPU
		{1CC1E8C4-5763-4BA6-8A2E-5880755F25C2}.Release|iPhoneSimulator.ActiveCfg = Release|Any CPU
		{1CC1E8C4-5763-4BA6-8A2E-5880755F25C2}.Release|iPhoneSimulator.Build.0 = Release|Any CPU
		{8B611332-9D09-4D47-AB7F-DA1A4E2CDF24}.Debug|Any CPU.ActiveCfg = Debug|Any CPU
		{8B611332-9D09-4D47-AB7F-DA1A4E2CDF24}.Debug|Any CPU.Build.0 = Debug|Any CPU
		{8B611332-9D09-4D47-AB7F-DA1A4E2CDF24}.Debug|iPhone.ActiveCfg = Debug|Any CPU
		{8B611332-9D09-4D47-AB7F-DA1A4E2CDF24}.Debug|iPhone.Build.0 = Debug|Any CPU
		{8B611332-9D09-4D47-AB7F-DA1A4E2CDF24}.Debug|iPhoneSimulator.ActiveCfg = Debug|Any CPU
		{8B611332-9D09-4D47-AB7F-DA1A4E2CDF24}.Debug|iPhoneSimulator.Build.0 = Debug|Any CPU
		{8B611332-9D09-4D47-AB7F-DA1A4E2CDF24}.Release|Any CPU.ActiveCfg = Release|Any CPU
		{8B611332-9D09-4D47-AB7F-DA1A4E2CDF24}.Release|Any CPU.Build.0 = Release|Any CPU
		{8B611332-9D09-4D47-AB7F-DA1A4E2CDF24}.Release|iPhone.ActiveCfg = Release|Any CPU
		{8B611332-9D09-4D47-AB7F-DA1A4E2CDF24}.Release|iPhone.Build.0 = Release|Any CPU
		{8B611332-9D09-4D47-AB7F-DA1A4E2CDF24}.Release|iPhoneSimulator.ActiveCfg = Release|Any CPU
		{8B611332-9D09-4D47-AB7F-DA1A4E2CDF24}.Release|iPhoneSimulator.Build.0 = Release|Any CPU
		{BEDC9B01-4519-4607-BCAB-3700ACDF405E}.Debug|Any CPU.ActiveCfg = Debug|Any CPU
		{BEDC9B01-4519-4607-BCAB-3700ACDF405E}.Debug|Any CPU.Build.0 = Debug|Any CPU
		{BEDC9B01-4519-4607-BCAB-3700ACDF405E}.Debug|iPhone.ActiveCfg = Debug|Any CPU
		{BEDC9B01-4519-4607-BCAB-3700ACDF405E}.Debug|iPhone.Build.0 = Debug|Any CPU
		{BEDC9B01-4519-4607-BCAB-3700ACDF405E}.Debug|iPhoneSimulator.ActiveCfg = Debug|Any CPU
		{BEDC9B01-4519-4607-BCAB-3700ACDF405E}.Debug|iPhoneSimulator.Build.0 = Debug|Any CPU
		{BEDC9B01-4519-4607-BCAB-3700ACDF405E}.Release|Any CPU.ActiveCfg = Release|Any CPU
		{BEDC9B01-4519-4607-BCAB-3700ACDF405E}.Release|Any CPU.Build.0 = Release|Any CPU
		{BEDC9B01-4519-4607-BCAB-3700ACDF405E}.Release|iPhone.ActiveCfg = Release|Any CPU
		{BEDC9B01-4519-4607-BCAB-3700ACDF405E}.Release|iPhone.Build.0 = Release|Any CPU
		{BEDC9B01-4519-4607-BCAB-3700ACDF405E}.Release|iPhoneSimulator.ActiveCfg = Release|Any CPU
		{BEDC9B01-4519-4607-BCAB-3700ACDF405E}.Release|iPhoneSimulator.Build.0 = Release|Any CPU
		{E049336A-D455-430C-8D5C-7F70B7B7338E}.Debug|Any CPU.ActiveCfg = Debug|iPhoneSimulator
		{E049336A-D455-430C-8D5C-7F70B7B7338E}.Debug|Any CPU.Build.0 = Debug|iPhoneSimulator
		{E049336A-D455-430C-8D5C-7F70B7B7338E}.Debug|iPhone.ActiveCfg = Debug|iPhone
		{E049336A-D455-430C-8D5C-7F70B7B7338E}.Debug|iPhone.Build.0 = Debug|iPhone
		{E049336A-D455-430C-8D5C-7F70B7B7338E}.Debug|iPhoneSimulator.ActiveCfg = Debug|iPhoneSimulator
		{E049336A-D455-430C-8D5C-7F70B7B7338E}.Debug|iPhoneSimulator.Build.0 = Debug|iPhoneSimulator
		{E049336A-D455-430C-8D5C-7F70B7B7338E}.Release|Any CPU.ActiveCfg = Release|iPhone
		{E049336A-D455-430C-8D5C-7F70B7B7338E}.Release|Any CPU.Build.0 = Release|iPhone
		{E049336A-D455-430C-8D5C-7F70B7B7338E}.Release|iPhone.ActiveCfg = Release|iPhone
		{E049336A-D455-430C-8D5C-7F70B7B7338E}.Release|iPhone.Build.0 = Release|iPhone
		{E049336A-D455-430C-8D5C-7F70B7B7338E}.Release|iPhoneSimulator.ActiveCfg = Release|iPhoneSimulator
		{E049336A-D455-430C-8D5C-7F70B7B7338E}.Release|iPhoneSimulator.Build.0 = Release|iPhoneSimulator
		{EBD23762-16B0-4C51-9ACC-1917C2E2DD64}.Debug|Any CPU.ActiveCfg = Debug|Any CPU
		{EBD23762-16B0-4C51-9ACC-1917C2E2DD64}.Debug|Any CPU.Build.0 = Debug|Any CPU
		{EBD23762-16B0-4C51-9ACC-1917C2E2DD64}.Debug|iPhone.ActiveCfg = Debug|Any CPU
		{EBD23762-16B0-4C51-9ACC-1917C2E2DD64}.Debug|iPhone.Build.0 = Debug|Any CPU
		{EBD23762-16B0-4C51-9ACC-1917C2E2DD64}.Debug|iPhoneSimulator.ActiveCfg = Debug|Any CPU
		{EBD23762-16B0-4C51-9ACC-1917C2E2DD64}.Debug|iPhoneSimulator.Build.0 = Debug|Any CPU
		{EBD23762-16B0-4C51-9ACC-1917C2E2DD64}.Release|Any CPU.ActiveCfg = Release|Any CPU
		{EBD23762-16B0-4C51-9ACC-1917C2E2DD64}.Release|Any CPU.Build.0 = Release|Any CPU
		{EBD23762-16B0-4C51-9ACC-1917C2E2DD64}.Release|iPhone.ActiveCfg = Release|Any CPU
		{EBD23762-16B0-4C51-9ACC-1917C2E2DD64}.Release|iPhone.Build.0 = Release|Any CPU
		{EBD23762-16B0-4C51-9ACC-1917C2E2DD64}.Release|iPhoneSimulator.ActiveCfg = Release|Any CPU
		{EBD23762-16B0-4C51-9ACC-1917C2E2DD64}.Release|iPhoneSimulator.Build.0 = Release|Any CPU
		{EF4D9B79-20FD-4E5C-942C-61C74EC97892}.Debug|Any CPU.ActiveCfg = Debug|Any CPU
		{EF4D9B79-20FD-4E5C-942C-61C74EC97892}.Debug|Any CPU.Build.0 = Debug|Any CPU
		{EF4D9B79-20FD-4E5C-942C-61C74EC97892}.Debug|iPhone.ActiveCfg = Debug|Any CPU
		{EF4D9B79-20FD-4E5C-942C-61C74EC97892}.Debug|iPhone.Build.0 = Debug|Any CPU
		{EF4D9B79-20FD-4E5C-942C-61C74EC97892}.Debug|iPhoneSimulator.ActiveCfg = Debug|Any CPU
		{EF4D9B79-20FD-4E5C-942C-61C74EC97892}.Debug|iPhoneSimulator.Build.0 = Debug|Any CPU
		{EF4D9B79-20FD-4E5C-942C-61C74EC97892}.Release|Any CPU.ActiveCfg = Release|Any CPU
		{EF4D9B79-20FD-4E5C-942C-61C74EC97892}.Release|Any CPU.Build.0 = Release|Any CPU
		{EF4D9B79-20FD-4E5C-942C-61C74EC97892}.Release|iPhone.ActiveCfg = Release|Any CPU
		{EF4D9B79-20FD-4E5C-942C-61C74EC97892}.Release|iPhone.Build.0 = Release|Any CPU
		{EF4D9B79-20FD-4E5C-942C-61C74EC97892}.Release|iPhoneSimulator.ActiveCfg = Release|Any CPU
		{EF4D9B79-20FD-4E5C-942C-61C74EC97892}.Release|iPhoneSimulator.Build.0 = Release|Any CPU
	EndGlobalSection
	GlobalSection(NestedProjects) = preSolution
		{EBD23762-16B0-4C51-9ACC-1917C2E2DD64} = {80A3AACB-DE77-41A6-839E-F58B8B7750A5}
		{8B611332-9D09-4D47-AB7F-DA1A4E2CDF24} = {80A3AACB-DE77-41A6-839E-F58B8B7750A5}
		{BEDC9B01-4519-4607-BCAB-3700ACDF405E} = {80A3AACB-DE77-41A6-839E-F58B8B7750A5}
		{1CC1E8C4-5763-4BA6-8A2E-5880755F25C2} = {5B07462B-E576-42EA-A499-525DB682866C}
		{EF4D9B79-20FD-4E5C-942C-61C74EC97892} = {5B07462B-E576-42EA-A499-525DB682866C}
		{E049336A-D455-430C-8D5C-7F70B7B7338E} = {5B07462B-E576-42EA-A499-525DB682866C}
	EndGlobalSection
EndGlobal
